
Microsoft Visual Studio Solution File, Format Version 12.00
# Visual Studio Version 17
VisualStudioVersion = 17.11.35303.130
MinimumVisualStudioVersion = 10.0.40219.1
Project("{FAE04EC0-301F-11D3-BF4B-00C04F79EFBC}") = "DynamicTest", "DynamicTest\DynamicTest.csproj", "{8999E8CE-6EA3-4DFC-8E44-4D8E2A21307E}"
EndProject
Global
	GlobalSection(SolutionConfigurationPlatforms) = preSolution
		Debug|Any CPU = Debug|Any CPU
		Release|Any CPU = Release|Any CPU
	EndGlobalSection
	GlobalSection(ProjectConfigurationPlatforms) = postSolution
		{8999E8CE-6EA3-4DFC-8E44-4D8E2A21307E}.Debug|Any CPU.ActiveCfg = Debug|Any CPU
		{8999E8CE-6EA3-4DFC-8E44-4D8E2A21307E}.Debug|Any CPU.Build.0 = Debug|Any CPU
		{8999E8CE-6EA3-4DFC-8E44-4D8E2A21307E}.Debug|Any CPU.Deploy.0 = Debug|Any CPU
		{8999E8CE-6EA3-4DFC-8E44-4D8E2A21307E}.Release|Any CPU.ActiveCfg = Release|Any CPU
		{8999E8CE-6EA3-4DFC-8E44-4D8E2A21307E}.Release|Any CPU.Build.0 = Release|Any CPU
		{8999E8CE-6EA3-4DFC-8E44-4D8E2A21307E}.Release|Any CPU.Deploy.0 = Release|Any CPU
	EndGlobalSection
	GlobalSection(SolutionProperties) = preSolution
		HideSolutionNode = FALSE
	EndGlobalSection
	GlobalSection(ExtensibilityGlobals) = postSolution
		SolutionGuid = {15AD4572-26ED-4BE8-A4A5-6B4939B516A1}
	EndGlobalSection
EndGlobal
